
Microsoft Visual Studio Solution File, Format Version 12.00
# Visual Studio Version 16
VisualStudioVersion = 16.0.31702.278
MinimumVisualStudioVersion = 10.0.40219.1
Project("{FAE04EC0-301F-11D3-BF4B-00C04F79EFBC}") = "Playroom-Kiosk", "Playroom-Kiosk.csproj", "{217480CE-6851-4AC2-8FC2-09ECF1FFC8D9}"
EndProject
Global
	GlobalSection(SolutionConfigurationPlatforms) = preSolution
		Debug|Any CPU = Debug|Any CPU
		Release|Any CPU = Release|Any CPU
	EndGlobalSection
	GlobalSection(ProjectConfigurationPlatforms) = postSolution
		{217480CE-6851-4AC2-8FC2-09ECF1FFC8D9}.Debug|Any CPU.ActiveCfg = Debug|Any CPU
		{217480CE-6851-4AC2-8FC2-09ECF1FFC8D9}.Debug|Any CPU.Build.0 = Debug|Any CPU
		{217480CE-6851-4AC2-8FC2-09ECF1FFC8D9}.Release|Any CPU.ActiveCfg = Release|Any CPU
		{217480CE-6851-4AC2-8FC2-09ECF1FFC8D9}.Release|Any CPU.Build.0 = Release|Any CPU
	EndGlobalSection
	GlobalSection(SolutionProperties) = preSolution
		HideSolutionNode = FALSE
	EndGlobalSection
	GlobalSection(ExtensibilityGlobals) = postSolution
		SolutionGuid = {D74C0EF9-DD0E-44D5-888D-E946C17B24C1}
	EndGlobalSection
EndGlobal
